{
  "lockfile_version": "1",
  "packages": {
    "clang@latest": {
      "last_modified": "2025-03-11T17:52:14Z",
      "resolved": "github:NixOS/nixpkgs/0d534853a55b5d02a4ababa1d71921ce8f0aee4c#clang",
      "source": "devbox-search",
      "version": "19.1.7",
      "systems": {
        "aarch64-darwin": {
          "outputs": [
            {
              "name": "out",
              "path": "/nix/store/x8j5wizxn1qwa0zj3a4rbmipigl614jv-clang-wrapper-19.1.7",
              "default": true
            }
          ],
          "store_path": "/nix/store/x8j5wizxn1qwa0zj3a4rbmipigl614jv-clang-wrapper-19.1.7"
        },
        "aarch64-linux": {
          "outputs": [
            {
              "name": "out",
              "path": "/nix/store/76ddzd3fjg9vxhv12mlq5i1c7jbxcjxp-clang-wrapper-19.1.7",
              "default": true
            }
          ],
          "store_path": "/nix/store/76ddzd3fjg9vxhv12mlq5i1c7jbxcjxp-clang-wrapper-19.1.7"
        },
        "x86_64-darwin": {
          "outputs": [
            {
              "name": "out",
              "path": "/nix/store/5c7vhjf0l6hl2j9sygngj6ybrkj6iv8n-clang-wrapper-19.1.7",
              "default": true
            }
          ],
          "store_path": "/nix/store/5c7vhjf0l6hl2j9sygngj6ybrkj6iv8n-clang-wrapper-19.1.7"
        },
        "x86_64-linux": {
          "outputs": [
            {
              "name": "out",
              "path": "/nix/store/rdrbyalncimqir1gjdjwfns370zwi0bf-clang-wrapper-19.1.7",
              "default": true
            }
          ],
          "store_path": "/nix/store/rdrbyalncimqir1gjdjwfns370zwi0bf-clang-wrapper-19.1.7"
        }
      }
    },
    "cmake@latest": {
      "last_modified": "2025-03-11T17:52:14Z",
      "resolved": "github:NixOS/nixpkgs/0d534853a55b5d02a4ababa1d71921ce8f0aee4c#cmake",
      "source": "devbox-search",
      "version": "3.31.5",
      "systems": {
        "aarch64-darwin": {
          "outputs": [
            {
              "name": "out",
              "path": "/nix/store/kk8pi5s49dbs5h0ald0w8cd42c4bwnqr-cmake-3.31.5",
              "default": true
            }
          ],
          "store_path": "/nix/store/kk8pi5s49dbs5h0ald0w8cd42c4bwnqr-cmake-3.31.5"
        },
        "aarch64-linux": {
          "outputs": [
            {
              "name": "out",
              "path": "/nix/store/xn9sd8gm81ls18qkgj5qnmfsnqi1p7gm-cmake-3.31.5",
              "default": true
            },
            {
              "name": "debug",
              "path": "/nix/store/7raphg07gdclykxp2d388bf79rqzj8f0-cmake-3.31.5-debug"
            }
          ],
          "store_path": "/nix/store/xn9sd8gm81ls18qkgj5qnmfsnqi1p7gm-cmake-3.31.5"
        },
        "x86_64-darwin": {
          "outputs": [
            {
              "name": "out",
              "path": "/nix/store/blahzgpr25sq0i0p789498ca5pvwh1y3-cmake-3.31.5",
              "default": true
            }
          ],
          "store_path": "/nix/store/blahzgpr25sq0i0p789498ca5pvwh1y3-cmake-3.31.5"
        },
        "x86_64-linux": {
          "outputs": [
            {
              "name": "out",
              "path": "/nix/store/j3f4j0i2h5d7h3sbfnlgva8nk0cydvwq-cmake-3.31.5",
              "default": true
            },
            {
              "name": "debug",
              "path": "/nix/store/3szxsv4bcvhkpmvdq6b969lk2r7k7xsz-cmake-3.31.5-debug"
            }
          ],
          "store_path": "/nix/store/j3f4j0i2h5d7h3sbfnlgva8nk0cydvwq-cmake-3.31.5"
        }
      }
    },
    "gcc@latest": {
      "last_modified": "2025-03-11T17:52:14Z",
      "resolved": "github:NixOS/nixpkgs/0d534853a55b5d02a4ababa1d71921ce8f0aee4c#gcc",
      "source": "devbox-search",
      "version": "14-20241116",
      "systems": {
        "aarch64-darwin": {
          "outputs": [
            {
              "name": "out",
              "path": "/nix/store/b3nkhhvaccg2bg3cz7msq9nhd5hz0a1m-gcc-wrapper-14-20241116",
              "default": true
            },
            {
              "name": "man",
              "path": "/nix/store/db5gfkj2dwzhhzmaxiy7xlmdlm1ggxf5-gcc-wrapper-14-20241116-man",
              "default": true
            },
            {
              "name": "info",
              "path": "/nix/store/l0dy1h1kp4plq77mkv5sgqlj27w4mf1d-gcc-wrapper-14-20241116-info"
            }
          ],
          "store_path": "/nix/store/b3nkhhvaccg2bg3cz7msq9nhd5hz0a1m-gcc-wrapper-14-20241116"
        },
        "aarch64-linux": {
          "outputs": [
            {
              "name": "out",
              "path": "/nix/store/ir7ny43iqgll895w0g7gqrl451apdny9-gcc-wrapper-14-20241116",
              "default": true
            },
            {
              "name": "man",
              "path": "/nix/store/xjkxrh8ysb9nynsl9l1i4w3fg38i4wik-gcc-wrapper-14-20241116-man",
              "default": true
            },
            {
              "name": "info",
              "path": "/nix/store/4vxhw7a05bv1p2szw82jhkd9k95f0g4x-gcc-wrapper-14-20241116-info"
            }
          ],
          "store_path": "/nix/store/ir7ny43iqgll895w0g7gqrl451apdny9-gcc-wrapper-14-20241116"
        },
        "x86_64-darwin": {
          "outputs": [
            {
              "name": "out",
              "path": "/nix/store/qvsx7fz33vqnydvpnmam8z8s0hd6g0k5-gcc-wrapper-14-20241116",
              "default": true
            },
            {
              "name": "man",
              "path": "/nix/store/ymjl0pmrwbyldzb20nzf5hldq4z9kdgs-gcc-wrapper-14-20241116-man",
              "default": true
            },
            {
              "name": "info",
              "path": "/nix/store/6zky9zsw7zb8gphfi23dl9xz7snqwzrr-gcc-wrapper-14-20241116-info"
            }
          ],
          "store_path": "/nix/store/qvsx7fz33vqnydvpnmam8z8s0hd6g0k5-gcc-wrapper-14-20241116"
        },
        "x86_64-linux": {
          "outputs": [
            {
              "name": "out",
              "path": "/nix/store/gj9lra51hwhxnhz05jqk5lh03wipamv0-gcc-wrapper-14-20241116",
              "default": true
            },
            {
              "name": "man",
              "path": "/nix/store/mh3g8vwnydf4i9wyar80j0lqczqbpq95-gcc-wrapper-14-20241116-man",
              "default": true
            },
            {
              "name": "info",
              "path": "/nix/store/hcifip97ydvf4nmga57fxfl9ra9pdwl6-gcc-wrapper-14-20241116-info"
            }
          ],
          "store_path": "/nix/store/gj9lra51hwhxnhz05jqk5lh03wipamv0-gcc-wrapper-14-20241116"
        }
      }
    },
    "gdb@latest": {
      "last_modified": "2025-03-11T17:52:14Z",
      "resolved": "github:NixOS/nixpkgs/0d534853a55b5d02a4ababa1d71921ce8f0aee4c#gdb",
      "source": "devbox-search",
      "version": "16.2",
      "systems": {
        "aarch64-linux": {
          "outputs": [
            {
              "name": "out",
              "path": "/nix/store/f1ddibvk040j0zlw83fckk6rh6r9fs0k-gdb-16.2",
              "default": true
            }
          ],
          "store_path": "/nix/store/f1ddibvk040j0zlw83fckk6rh6r9fs0k-gdb-16.2"
        },
        "x86_64-darwin": {
          "outputs": [
            {
              "name": "out",
              "path": "/nix/store/0486yrgl1avpwy6z91jqlm09zx31aa6r-gdb-16.2",
              "default": true
            }
          ],
          "store_path": "/nix/store/0486yrgl1avpwy6z91jqlm09zx31aa6r-gdb-16.2"
        },
        "x86_64-linux": {
          "outputs": [
            {
              "name": "out",
              "path": "/nix/store/lfnn09lwxaaj8yivb390pz295fz8y98x-gdb-16.2",
              "default": true
            }
          ],
          "store_path": "/nix/store/lfnn09lwxaaj8yivb390pz295fz8y98x-gdb-16.2"
        }
      }
    },
    "github:NixOS/nixpkgs/nixpkgs-unstable": {
      "resolved": "github:NixOS/nixpkgs/1750f3c1c89488e2ffdd47cab9d05454dddfb734?lastModified=1742800061&narHash=sha256-oDJGK1UMArK52vcW9S5S2apeec4rbfNELgc50LqiPNs%3D"
    },
    "lldb@latest": {
      "last_modified": "2025-03-11T17:52:14Z",
      "resolved": "github:NixOS/nixpkgs/0d534853a55b5d02a4ababa1d71921ce8f0aee4c#lldb",
      "source": "devbox-search",
      "version": "19.1.7",
      "systems": {
        "aarch64-darwin": {
          "outputs": [
            {
              "name": "out",
              "path": "/nix/store/iypnk7wp47xdd1mnhxixm4s4z99g3vsk-lldb-19.1.7",
              "default": true
            },
            {
              "name": "dev",
              "path": "/nix/store/srhpnb5ix7vvhqj2kc9jg0yal9jx555c-lldb-19.1.7-dev"
            }
          ],
          "store_path": "/nix/store/iypnk7wp47xdd1mnhxixm4s4z99g3vsk-lldb-19.1.7"
        },
        "aarch64-linux": {
          "outputs": [
            {
              "name": "out",
              "path": "/nix/store/5qzd7x0dvd8hmx1mx33dc1i70rnim1b4-lldb-19.1.7",
              "default": true
            },
            {
              "name": "dev",
              "path": "/nix/store/a2kzrrss1hqr2zxisp0i3hs05vsw4jj7-lldb-19.1.7-dev"
            }
          ],
          "store_path": "/nix/store/5qzd7x0dvd8hmx1mx33dc1i70rnim1b4-lldb-19.1.7"
        },
        "x86_64-darwin": {
          "outputs": [
            {
              "name": "out",
              "path": "/nix/store/a6dqhdnn0sn17ks1780426m2g50g7s18-lldb-19.1.7",
              "default": true
            },
            {
              "name": "dev",
              "path": "/nix/store/iax1gx46pag6ap8mqqlznz8cwq5bilkw-lldb-19.1.7-dev"
            }
          ],
          "store_path": "/nix/store/a6dqhdnn0sn17ks1780426m2g50g7s18-lldb-19.1.7"
        },
        "x86_64-linux": {
          "outputs": [
            {
              "name": "out",
              "path": "/nix/store/zcqc53xgfymd8snfphdgs3z8am5pspv3-lldb-19.1.7",
              "default": true
            },
            {
              "name": "dev",
              "path": "/nix/store/ws4jylymj6zyg66mh7pdlbqqw1slvny0-lldb-19.1.7-dev"
            }
          ],
          "store_path": "/nix/store/zcqc53xgfymd8snfphdgs3z8am5pspv3-lldb-19.1.7"
        }
      }
    },
    "llvm@latest": {
      "last_modified": "2023-02-27T03:34:50Z",
      "resolved": "github:NixOS/nixpkgs/3f19c04354dec3903f614eae09327a04d297835d#llvm",
      "source": "devbox-search",
      "version": "11.1.0",
      "systems": {
        "aarch64-darwin": {
          "outputs": [
            {
              "name": "out",
              "path": "/nix/store/fw2nr289aj0c64xpczwy4d2aqkkqpag0-llvm-11.1.0",
              "default": true
            },
            {
              "name": "python",
              "path": "/nix/store/a4r1k1kk8ik9rh024l55zkdxhd4ww2m1-llvm-11.1.0-python"
            },
            {
              "name": "dev",
              "path": "/nix/store/62pd8lzzppbhwsp41jc534zdg1iqivx7-llvm-11.1.0-dev"
            },
            {
              "name": "lib",
              "path": "/nix/store/wzrn3rj0i42ispdiz4znwr2gjk8v2d31-llvm-11.1.0-lib"
            }
          ],
          "store_path": "/nix/store/fw2nr289aj0c64xpczwy4d2aqkkqpag0-llvm-11.1.0"
        },
        "aarch64-linux": {
          "outputs": [
            {
              "name": "out",
              "path": "/nix/store/nhwv558wja6gkfhdbxfz21f0a9kz7v85-llvm-11.1.0",
              "default": true
            },
            {
              "name": "python",
              "path": "/nix/store/64d7iqzy8drpz7v6w6r7kd66hyhdqkhk-llvm-11.1.0-python"
            },
            {
              "name": "dev",
              "path": "/nix/store/znz7z9pmxsv1py4pib3xpsdwjl1qr8l9-llvm-11.1.0-dev"
            },
            {
              "name": "lib",
              "path": "/nix/store/azhfsf16lm7qgcm88jknywiybm41b191-llvm-11.1.0-lib"
            }
          ],
          "store_path": "/nix/store/nhwv558wja6gkfhdbxfz21f0a9kz7v85-llvm-11.1.0"
        },
        "x86_64-darwin": {
          "outputs": [
            {
              "name": "out",
              "path": "/nix/store/7z6bs61wlly6m9czqrddmhwyh7r6g42x-llvm-11.1.0",
              "default": true
            },
            {
              "name": "lib",
              "path": "/nix/store/86rffbzdavja7vbbczjiikb65rj4m7i9-llvm-11.1.0-lib"
            },
            {
              "name": "python",
              "path": "/nix/store/9v790lv1xpsxf6n6kjdc4la1ac5294h6-llvm-11.1.0-python"
            },
            {
              "name": "dev",
              "path": "/nix/store/lkqpa88n6501407y5ha5j1rpgqvvbd6j-llvm-11.1.0-dev"
            }
          ],
          "store_path": "/nix/store/7z6bs61wlly6m9czqrddmhwyh7r6g42x-llvm-11.1.0"
        },
        "x86_64-linux": {
          "outputs": [
            {
              "name": "out",
              "path": "/nix/store/a7nzy012wylfq7qfhhclr4lpq92gsx4j-llvm-11.1.0",
              "default": true
            },
            {
              "name": "dev",
              "path": "/nix/store/906rdd1qncalgjdl8f14b54f8f04wmgx-llvm-11.1.0-dev"
            },
            {
              "name": "lib",
              "path": "/nix/store/5r97sbs5j6mw7qnbg8nhnq1gad9973ap-llvm-11.1.0-lib"
            },
            {
              "name": "python",
              "path": "/nix/store/a9padllp9wz5pna5hw320cfx6p8vvpan-llvm-11.1.0-python"
            }
          ],
          "store_path": "/nix/store/a7nzy012wylfq7qfhhclr4lpq92gsx4j-llvm-11.1.0"
        }
      }
    },
    "ninja@latest": {
      "last_modified": "2025-03-11T17:52:14Z",
      "resolved": "github:NixOS/nixpkgs/0d534853a55b5d02a4ababa1d71921ce8f0aee4c#ninja",
      "source": "devbox-search",
      "version": "1.12.1",
      "systems": {
        "aarch64-darwin": {
          "outputs": [
            {
              "name": "out",
              "path": "/nix/store/5v9fcszpi5bpcyw4lvgmlsnm0vn5x3l9-ninja-1.12.1",
              "default": true
            }
          ],
          "store_path": "/nix/store/5v9fcszpi5bpcyw4lvgmlsnm0vn5x3l9-ninja-1.12.1"
        },
        "aarch64-linux": {
          "outputs": [
            {
              "name": "out",
              "path": "/nix/store/h3503gm1h7jj3db4w6l0yy7q6rq1awcc-ninja-1.12.1",
              "default": true
            }
          ],
          "store_path": "/nix/store/h3503gm1h7jj3db4w6l0yy7q6rq1awcc-ninja-1.12.1"
        },
        "x86_64-darwin": {
          "outputs": [
            {
              "name": "out",
              "path": "/nix/store/rhab4anjynfa9symsns5s5rkw76zpr2s-ninja-1.12.1",
              "default": true
            }
          ],
          "store_path": "/nix/store/rhab4anjynfa9symsns5s5rkw76zpr2s-ninja-1.12.1"
        },
        "x86_64-linux": {
          "outputs": [
            {
              "name": "out",
              "path": "/nix/store/b8hida4z1qy9aw1fy3vdr251rzf125i0-ninja-1.12.1",
              "default": true
            }
          ],
          "store_path": "/nix/store/b8hida4z1qy9aw1fy3vdr251rzf125i0-ninja-1.12.1"
        }
      }
    },
    "pkg-config@latest": {
      "last_modified": "2025-03-11T17:52:14Z",
      "resolved": "github:NixOS/nixpkgs/0d534853a55b5d02a4ababa1d71921ce8f0aee4c#pkg-config",
      "source": "devbox-search",
      "version": "0.29.2",
      "systems": {
        "aarch64-darwin": {
          "outputs": [
            {
              "name": "out",
              "path": "/nix/store/ncw1xgww5br70kxchcnlg7mbsgwgba50-pkg-config-wrapper-0.29.2",
              "default": true
            },
            {
              "name": "man",
              "path": "/nix/store/dbixvi2qm6jkx34w3x7n0l1kcb87rycd-pkg-config-wrapper-0.29.2-man",
              "default": true
            },
            {
              "name": "doc",
              "path": "/nix/store/j6r8mz0894cm0mqfaj0jsy20ywfskphg-pkg-config-wrapper-0.29.2-doc"
            }
          ],
          "store_path": "/nix/store/ncw1xgww5br70kxchcnlg7mbsgwgba50-pkg-config-wrapper-0.29.2"
        },
        "aarch64-linux": {
          "outputs": [
            {
              "name": "out",
              "path": "/nix/store/qv12g1nrlbmzy1nfi29wfb9h7y4bf0xp-pkg-config-wrapper-0.29.2",
              "default": true
            },
            {
              "name": "man",
              "path": "/nix/store/9j41d0zlnr9pkjk31hg1m286s5n9q34k-pkg-config-wrapper-0.29.2-man",
              "default": true
            },
            {
              "name": "doc",
              "path": "/nix/store/q9kh7flz483m16ms221ckv8y6k0qbrzx-pkg-config-wrapper-0.29.2-doc"
            }
          ],
          "store_path": "/nix/store/qv12g1nrlbmzy1nfi29wfb9h7y4bf0xp-pkg-config-wrapper-0.29.2"
        },
        "x86_64-darwin": {
          "outputs": [
            {
              "name": "out",
              "path": "/nix/store/vhm1xwz33swh2f92slw2f82s5fnmsrjg-pkg-config-wrapper-0.29.2",
              "default": true
            },
            {
              "name": "man",
              "path": "/nix/store/m6k07pppjhjz33ixg85zpcscybb10kb7-pkg-config-wrapper-0.29.2-man",
              "default": true
            },
            {
              "name": "doc",
              "path": "/nix/store/jhwihmfdg3ynhvj97pi21m7qlh7rvy3q-pkg-config-wrapper-0.29.2-doc"
            }
          ],
          "store_path": "/nix/store/vhm1xwz33swh2f92slw2f82s5fnmsrjg-pkg-config-wrapper-0.29.2"
        },
        "x86_64-linux": {
          "outputs": [
            {
              "name": "out",
              "path": "/nix/store/8cczxvv6hpngc9mxal0wx0lzny4vjp4n-pkg-config-wrapper-0.29.2",
              "default": true
            },
            {
              "name": "man",
              "path": "/nix/store/zyklfbaq17vlkzcwdz0q24ri64ll7bsk-pkg-config-wrapper-0.29.2-man",
              "default": true
            },
            {
              "name": "doc",
              "path": "/nix/store/rbgabndl0w2115v7704ijjdjgy83x9jl-pkg-config-wrapper-0.29.2-doc"
            }
          ],
          "store_path": "/nix/store/8cczxvv6hpngc9mxal0wx0lzny4vjp4n-pkg-config-wrapper-0.29.2"
        }
      }
    }
  }
}
